
Microsoft Visual Studio Solution File, Format Version 12.00
# Visual Studio 15
VisualStudioVersion = 15.0.28307.168
MinimumVisualStudioVersion = 10.0.40219.1
Project("{888888A0-9F3D-457C-B088-3A5042F75D52}") = "LearnFlask", "LearnFlask\LearnFlask.pyproj", "{7A2D8869-6622-43E1-8397-33123714B1DD}"
EndProject
Global
	GlobalSection(SolutionConfigurationPlatforms) = preSolution
		Debug|Any CPU = Debug|Any CPU
		Release|Any CPU = Release|Any CPU
	EndGlobalSection
	GlobalSection(ProjectConfigurationPlatforms) = postSolution
		{7A2D8869-6622-43E1-8397-33123714B1DD}.Debug|Any CPU.ActiveCfg = Debug|Any CPU
		{7A2D8869-6622-43E1-8397-33123714B1DD}.Debug|Any CPU.Build.0 = Debug|Any CPU
		{7A2D8869-6622-43E1-8397-33123714B1DD}.Release|Any CPU.ActiveCfg = Release|Any CPU
		{7A2D8869-6622-43E1-8397-33123714B1DD}.Release|Any CPU.Build.0 = Release|Any CPU
	EndGlobalSection
	GlobalSection(SolutionProperties) = preSolution
		HideSolutionNode = FALSE
	EndGlobalSection
	GlobalSection(ExtensibilityGlobals) = postSolution
		SolutionGuid = {E7142F74-C45D-4A6A-8C08-48163D6A36E6}
	EndGlobalSection
EndGlobal
